
Microsoft Visual Studio Solution File, Format Version 12.00
# Visual Studio 14
VisualStudioVersion = 14.0.24720.0
MinimumVisualStudioVersion = 10.0.40219.1
Project("{FAE04EC0-301F-11D3-BF4B-00C04F79EFBC}") = "Web Api - Pdmsys", "Web Api - Pdmsys\Web Api - Pdmsys.csproj", "{97E49BED-842A-4746-8E40-C60B0C46D4D2}"
EndProject
Project("{FAE04EC0-301F-11D3-BF4B-00C04F79EFBC}") = "Web Api - Pdmsys.Tests", "Web Api - Pdmsys.Tests\Web Api - Pdmsys.Tests.csproj", "{DF6C7579-E23C-4F1E-B061-F7B0A757D413}"
EndProject
Global
	GlobalSection(SolutionConfigurationPlatforms) = preSolution
		Debug|Any CPU = Debug|Any CPU
		Release|Any CPU = Release|Any CPU
	EndGlobalSection
	GlobalSection(ProjectConfigurationPlatforms) = postSolution
		{97E49BED-842A-4746-8E40-C60B0C46D4D2}.Debug|Any CPU.ActiveCfg = Debug|Any CPU
		{97E49BED-842A-4746-8E40-C60B0C46D4D2}.Debug|Any CPU.Build.0 = Debug|Any CPU
		{97E49BED-842A-4746-8E40-C60B0C46D4D2}.Release|Any CPU.ActiveCfg = Release|Any CPU
		{97E49BED-842A-4746-8E40-C60B0C46D4D2}.Release|Any CPU.Build.0 = Release|Any CPU
		{DF6C7579-E23C-4F1E-B061-F7B0A757D413}.Debug|Any CPU.ActiveCfg = Debug|Any CPU
		{DF6C7579-E23C-4F1E-B061-F7B0A757D413}.Debug|Any CPU.Build.0 = Debug|Any CPU
		{DF6C7579-E23C-4F1E-B061-F7B0A757D413}.Release|Any CPU.ActiveCfg = Release|Any CPU
		{DF6C7579-E23C-4F1E-B061-F7B0A757D413}.Release|Any CPU.Build.0 = Release|Any CPU
	EndGlobalSection
	GlobalSection(SolutionProperties) = preSolution
		HideSolutionNode = FALSE
	EndGlobalSection
EndGlobal
